
Microsoft Visual Studio Solution File, Format Version 12.00
# Visual Studio 15
Project("{FAE04EC0-301F-11D3-BF4B-00C04F79EFBC}") = "KeyotBotCoreApp", "KeyotBotCoreApp\KeyotBotCoreApp.csproj", "{FE3C5FD6-FB5E-430C-ABE0-381B6647537B}"
EndProject
Global
	GlobalSection(SolutionConfigurationPlatforms) = preSolution
		Debug|Any CPU = Debug|Any CPU
		Release|Any CPU = Release|Any CPU
	EndGlobalSection
	GlobalSection(ProjectConfigurationPlatforms) = postSolution
		{FE3C5FD6-FB5E-430C-ABE0-381B6647537B}.Debug|Any CPU.ActiveCfg = Debug|Any CPU
		{FE3C5FD6-FB5E-430C-ABE0-381B6647537B}.Debug|Any CPU.Build.0 = Debug|Any CPU
		{FE3C5FD6-FB5E-430C-ABE0-381B6647537B}.Release|Any CPU.ActiveCfg = Release|Any CPU
		{FE3C5FD6-FB5E-430C-ABE0-381B6647537B}.Release|Any CPU.Build.0 = Release|Any CPU
	EndGlobalSection
EndGlobal
